{
  "version": 4,
  "terraform_version": "0.12.25",
  "serial": 10,
  "lineage": "7fad375d-ca42-ab34-f9ed-bc195d83b292",
  "outputs": {},
  "resources": [
    {
      "mode": "managed",
      "type": "aws_instance",
      "name": "example",
      "provider": "provider.aws",
      "instances": [
        {
          "schema_version": 1,
          "attributes": {
            "ami": "ami-0a02ee601d742e89f",
            "arn": "arn:aws:ec2:eu-central-1:800785894603:instance/i-06935a578e40650c5",
            "associate_public_ip_address": true,
            "availability_zone": "eu-central-1b",
            "cpu_core_count": 1,
            "cpu_threads_per_core": 1,
            "credit_specification": [
              {
                "cpu_credits": "standard"
              }
            ],
            "disable_api_termination": false,
            "ebs_block_device": [],
            "ebs_optimized": false,
            "ephemeral_block_device": [],
            "get_password_data": false,
            "hibernation": false,
            "host_id": null,
            "iam_instance_profile": "",
            "id": "i-06935a578e40650c5",
            "instance_initiated_shutdown_behavior": null,
            "instance_state": "running",
            "instance_type": "t2.micro",
            "ipv6_address_count": 0,
            "ipv6_addresses": [],
            "key_name": "examplekey",
            "metadata_options": [
              {
                "http_endpoint": "enabled",
                "http_put_response_hop_limit": 1,
                "http_tokens": "optional"
              }
            ],
            "monitoring": false,
            "network_interface": [],
            "network_interface_id": null,
            "outpost_arn": "",
            "password_data": "",
            "placement_group": "",
            "primary_network_interface_id": "eni-0a7af5720340778ed",
            "private_dns": "ip-172-31-36-242.eu-central-1.compute.internal",
            "private_ip": "172.31.36.242",
            "public_dns": "ec2-3-122-228-57.eu-central-1.compute.amazonaws.com",
            "public_ip": "3.122.228.57",
            "root_block_device": [
              {
                "delete_on_termination": true,
                "device_name": "/dev/xvda",
                "encrypted": false,
                "iops": 100,
                "kms_key_id": "",
                "volume_id": "vol-0bcf20af04f09c011",
                "volume_size": 8,
                "volume_type": "gp2"
              }
            ],
            "security_groups": [
              "default"
            ],
            "source_dest_check": true,
            "subnet_id": "subnet-ae3924d3",
            "tags": null,
            "tenancy": "default",
            "timeouts": null,
            "user_data": null,
            "user_data_base64": null,
            "volume_tags": {},
            "vpc_security_group_ids": [
              "sg-f6b79994"
            ]
          },
          "private": "eyJlMmJmYjczMC1lY2FhLTExZTYtOGY4OC0zNDM2M2JjN2M0YzAiOnsiY3JlYXRlIjo2MDAwMDAwMDAwMDAsImRlbGV0ZSI6MTIwMDAwMDAwMDAwMCwidXBkYXRlIjo2MDAwMDAwMDAwMDB9LCJzY2hlbWFfdmVyc2lvbiI6IjEifQ==",
          "dependencies": [
            "aws_key_pair.example"
          ]
        }
      ]
    },
    {
      "mode": "managed",
      "type": "aws_key_pair",
      "name": "example",
      "provider": "provider.aws",
      "instances": [
        {
          "schema_version": 1,
          "attributes": {
            "fingerprint": "8e:e4:14:45:54:13:f5:64:cc:26:5e:75:df:fd:6d:eb",
            "id": "examplekey",
            "key_name": "examplekey",
            "key_name_prefix": null,
            "key_pair_id": "key-06f49cce6cd7cd59a",
            "public_key": "ssh-rsa AAAAB3NzaC1yc2EAAAADAQABAAABgQD5x6I9oIC9IoWXSTQIfirZV278JlnuicfeMAHGg9z1SfBCTRm/+AqLUcF8XB4AuSDUrYdrYmLzZFYWsLRZPunf72gnooffeLPpSI/hQxZ/ldRrSblYE+rDHKHItch0kCMRnYWa+gm12SS9q/t9Ssb0uUcA7hVNJIeebeVzy8oINqunXgvWXl0j7vGQj7JCrnqBIhB1mQ0sqPldkrXGSQQ85SyNzZLEkdfEu+XJCQHiBLbap1B+UDgdt/BOj4PCL195X/zMuXzsfQst92OxHQtcJIVWUfrZeQjjh8JwBmUxK6QpWfQ0VgSjEOegZzT/MNX2gGJ3TxMOib07tYXMGO3TTHzdPaYhmDpeGFnG6QFeEiQZOBA31XIVxH86+J0fHus37DBGB92nAOkaP+XhcoG/acPBJ4ODRPgACskDldLXE5r5brkaj4lRpn2AUsc+dgWP6SfUet0vU1GKxuofmyK9Vyc9OjuzGADFCFaXCzQx0TgnFPEDcWOhyx4Go8tokmk= ygong@Yuans-Mac-mini.local",
            "tags": null
          },
          "private": "eyJzY2hlbWFfdmVyc2lvbiI6IjEifQ=="
        }
      ]
    },
    {
      "mode": "managed",
      "type": "aws_security_group",
      "name": "allow_ssh",
      "provider": "provider.aws",
      "instances": [
        {
          "schema_version": 1,
          "attributes": {
            "arn": "arn:aws:ec2:eu-central-1:800785894603:security-group/sg-021f0ca902688f80b",
            "description": "Allow SSH inbound traffic",
            "egress": [
              {
                "cidr_blocks": [
                  "0.0.0.0/0"
                ],
                "description": "",
                "from_port": 0,
                "ipv6_cidr_blocks": [],
                "prefix_list_ids": [],
                "protocol": "-1",
                "security_groups": [],
                "self": false,
                "to_port": 0
              }
            ],
            "id": "sg-021f0ca902688f80b",
            "ingress": [
              {
                "cidr_blocks": [
                  "185.144.44.9/32"
                ],
                "description": "SSH from test",
                "from_port": 22,
                "ipv6_cidr_blocks": [],
                "prefix_list_ids": [],
                "protocol": "tcp",
                "security_groups": [],
                "self": false,
                "to_port": 22
              }
            ],
            "name": "allow_ssh",
            "name_prefix": null,
            "owner_id": "800785894603",
            "revoke_rules_on_delete": false,
            "tags": {
              "Name": "allow_tls"
            },
            "timeouts": null,
            "vpc_id": "vpc-790cf313"
          },
          "private": "eyJlMmJmYjczMC1lY2FhLTExZTYtOGY4OC0zNDM2M2JjN2M0YzAiOnsiY3JlYXRlIjo2MDAwMDAwMDAwMDAsImRlbGV0ZSI6NjAwMDAwMDAwMDAwfSwic2NoZW1hX3ZlcnNpb24iOiIxIn0="
        }
      ]
    }
  ]
}
